[{<<"application_server">>,
  {git,"https://github.com/joq62/application_server.git",
       {ref,"afb0516b52c6dcf3704cf37cdd542b3065e8b80b"}},
  0},
 {<<"deployment_server">>,
  {git,"https://github.com/joq62/deployment_server.git",
       {ref,"d6c24adeb32c99029d2635cad0edac46384e2ecb"}},
  0},
 {<<"git_handler">>,
  {git,"https://github.com/joq62/git_handler.git",
       {ref,"9f134fae43b860a769507bb648cb8ab8d1e21eef"}},
  0},
 {<<"host_server">>,
  {git,"https://github.com/joq62/host_server.git",
       {ref,"80b3560a379733919d5102b73538b7989c4cc337"}},
  0},
 {<<"log">>,
  {git,"https://github.com/joq62/log.git",
       {ref,"6329c78d7a3f69957637bdf0e23872a2834d002c"}},
  0},
 {<<"rd">>,
  {git,"https://github.com/joq62/rd.git",
       {ref,"660946722279e021347c29744cd4dde87def87a2"}},
  0}].
